
Microsoft Visual Studio Solution File, Format Version 12.00
# Visual Studio Version 17
VisualStudioVersion = 17.13.35818.85 d17.13
MinimumVisualStudioVersion = 10.0.40219.1
Project("{FAE04EC0-301F-11D3-BF4B-00C04F79EFBC}") = "StrategyPattern", "StrategyPattern\StrategyPattern.csproj", "{35DC6BD9-5F19-4AAA-A6E7-144A2197C887}"
EndProject
Global
	GlobalSection(SolutionConfigurationPlatforms) = preSolution
		Debug|Any CPU = Debug|Any CPU
		Release|Any CPU = Release|Any CPU
	EndGlobalSection
	GlobalSection(ProjectConfigurationPlatforms) = postSolution
		{35DC6BD9-5F19-4AAA-A6E7-144A2197C887}.Debug|Any CPU.ActiveCfg = Debug|Any CPU
		{35DC6BD9-5F19-4AAA-A6E7-144A2197C887}.Debug|Any CPU.Build.0 = Debug|Any CPU
		{35DC6BD9-5F19-4AAA-A6E7-144A2197C887}.Release|Any CPU.ActiveCfg = Release|Any CPU
		{35DC6BD9-5F19-4AAA-A6E7-144A2197C887}.Release|Any CPU.Build.0 = Release|Any CPU
	EndGlobalSection
	GlobalSection(SolutionProperties) = preSolution
		HideSolutionNode = FALSE
	EndGlobalSection
	GlobalSection(ExtensibilityGlobals) = postSolution
		SolutionGuid = {CB870827-08FC-4DC2-89F2-4E8E24BB02EE}
	EndGlobalSection
EndGlobal
